{
  "pins" : [
    {
      "identity" : "swift-argument-parser",
      "kind" : "remoteSourceControl",
      "location" : "https://github.com/apple/swift-argument-parser",
      "state" : {
        "revision" : "cdd0ef3755280949551dc26dee5de9ddeda89f54",
        "version" : "1.6.2"
      }
    },
    {
      "identity" : "swifthorizons",
      "kind" : "remoteSourceControl",
      "location" : "https://github.com/triple7/SwiftHorizons.git",
      "state" : {
        "branch" : "main",
        "revision" : "7f28720ef68e5879eb6af8af7e1b33ddf0ded98c"
      }
    },
    {
      "identity" : "zip",
      "kind" : "remoteSourceControl",
      "location" : "https://github.com/marmelroy/Zip.git",
      "state" : {
        "branch" : "master",
        "revision" : "bca30f6d6c7d37cbc4aa8f6b0002e281dcc36195"
      }
    }
  ],
  "version" : 2
}
