{
  "pins" : [
    {
      "identity" : "swifthorizons",
      "kind" : "remoteSourceControl",
      "location" : "https://github.com/triple7/SwiftHorizons.git",
      "state" : {
        "branch" : "main",
        "revision" : "b575513357572bb189d6f25cd0bb11e6e1f8fe4a"
      }
    },
    {
      "identity" : "zip",
      "kind" : "remoteSourceControl",
      "location" : "https://github.com/marmelroy/Zip.git",
      "state" : {
        "branch" : "master",
        "revision" : "bca30f6d6c7d37cbc4aa8f6b0002e281dcc36195"
      }
    }
  ],
  "version" : 2
}
